
Microsoft Visual Studio Solution File, Format Version 12.00
# Visual Studio Version 17
VisualStudioVersion = 17.14.36414.22 d17.14
MinimumVisualStudioVersion = 10.0.40219.1
Project("{FAE04EC0-301F-11D3-BF4B-00C04F79EFBC}") = "APLIKASI POS (KASIR MODERN)", "APLIKASI POS (KASIR MODERN)\APLIKASI POS (KASIR MODERN).csproj", "{CEDF67EF-C9EB-4D6C-B542-930DEC2DD2C5}"
EndProject
Global
	GlobalSection(SolutionConfigurationPlatforms) = preSolution
		Debug|Any CPU = Debug|Any CPU
		Release|Any CPU = Release|Any CPU
	EndGlobalSection
	GlobalSection(ProjectConfigurationPlatforms) = postSolution
		{CEDF67EF-C9EB-4D6C-B542-930DEC2DD2C5}.Debug|Any CPU.ActiveCfg = Debug|Any CPU
		{CEDF67EF-C9EB-4D6C-B542-930DEC2DD2C5}.Debug|Any CPU.Build.0 = Debug|Any CPU
		{CEDF67EF-C9EB-4D6C-B542-930DEC2DD2C5}.Release|Any CPU.ActiveCfg = Release|Any CPU
		{CEDF67EF-C9EB-4D6C-B542-930DEC2DD2C5}.Release|Any CPU.Build.0 = Release|Any CPU
	EndGlobalSection
	GlobalSection(SolutionProperties) = preSolution
		HideSolutionNode = FALSE
	EndGlobalSection
	GlobalSection(ExtensibilityGlobals) = postSolution
		SolutionGuid = {56D0DDAF-1FC5-4843-8137-26D586044D79}
	EndGlobalSection
EndGlobal
