
Microsoft Visual Studio Solution File, Format Version 12.00
# Visual Studio Version 17
VisualStudioVersion = 17.14.36414.22 d17.14
MinimumVisualStudioVersion = 10.0.40219.1
Project("{FAE04EC0-301F-11D3-BF4B-00C04F79EFBC}") = "KamarKos", "KamarKos.csproj", "{107D3340-B522-450B-87F6-B4D38D673A7C}"
EndProject
Global
	GlobalSection(SolutionConfigurationPlatforms) = preSolution
		Debug|Any CPU = Debug|Any CPU
		Release|Any CPU = Release|Any CPU
	EndGlobalSection
	GlobalSection(ProjectConfigurationPlatforms) = postSolution
		{107D3340-B522-450B-87F6-B4D38D673A7C}.Debug|Any CPU.ActiveCfg = Debug|Any CPU
		{107D3340-B522-450B-87F6-B4D38D673A7C}.Debug|Any CPU.Build.0 = Debug|Any CPU
		{107D3340-B522-450B-87F6-B4D38D673A7C}.Release|Any CPU.ActiveCfg = Release|Any CPU
		{107D3340-B522-450B-87F6-B4D38D673A7C}.Release|Any CPU.Build.0 = Release|Any CPU
	EndGlobalSection
	GlobalSection(SolutionProperties) = preSolution
		HideSolutionNode = FALSE
	EndGlobalSection
	GlobalSection(ExtensibilityGlobals) = postSolution
		SolutionGuid = {F3FA5E00-664B-411D-B634-3824524C29E3}
	EndGlobalSection
EndGlobal
