
Microsoft Visual Studio Solution File, Format Version 12.00
# Visual Studio Version 17
VisualStudioVersion = 17.14.36414.22 d17.14
MinimumVisualStudioVersion = 10.0.40219.1
Project("{FAE04EC0-301F-11D3-BF4B-00C04F79EFBC}") = "PawLodge", "PawLodge\PawLodge.csproj", "{BB8B2125-133C-4B15-B865-85C84AE7FD85}"
EndProject
Global
	GlobalSection(SolutionConfigurationPlatforms) = preSolution
		Debug|Any CPU = Debug|Any CPU
		Release|Any CPU = Release|Any CPU
	EndGlobalSection
	GlobalSection(ProjectConfigurationPlatforms) = postSolution
		{BB8B2125-133C-4B15-B865-85C84AE7FD85}.Debug|Any CPU.ActiveCfg = Debug|Any CPU
		{BB8B2125-133C-4B15-B865-85C84AE7FD85}.Debug|Any CPU.Build.0 = Debug|Any CPU
		{BB8B2125-133C-4B15-B865-85C84AE7FD85}.Release|Any CPU.ActiveCfg = Release|Any CPU
		{BB8B2125-133C-4B15-B865-85C84AE7FD85}.Release|Any CPU.Build.0 = Release|Any CPU
	EndGlobalSection
	GlobalSection(SolutionProperties) = preSolution
		HideSolutionNode = FALSE
	EndGlobalSection
	GlobalSection(ExtensibilityGlobals) = postSolution
		SolutionGuid = {41CFDE4A-13C9-489F-8225-05E5102359EF}
	EndGlobalSection
EndGlobal
